
Microsoft Visual Studio Solution File, Format Version 12.00
# Visual Studio Version 16
VisualStudioVersion = 16.0.33927.289
MinimumVisualStudioVersion = 10.0.40219.1
Project("{9A19103F-16F7-4668-BE54-9A1E7A4F7556}") = "ClassLibrary1", "01\ClassLibrary1\ClassLibrary1\ClassLibrary1.csproj", "{AA555E0A-A145-4DAB-AD92-3882FE172D66}"
EndProject
Project("{2150E333-8FDC-42A3-9474-1A3956D46DE8}") = "011", "011", "{9727F690-004F-47B7-A25E-42A0426406D9}"
EndProject
Project("{2150E333-8FDC-42A3-9474-1A3956D46DE8}") = "022", "022", "{A98A9A10-98F0-40FB-B098-512F61923824}"
EndProject
Project("{9A19103F-16F7-4668-BE54-9A1E7A4F7556}") = "WpfApp1", "02\WpfApp1\WpfApp1\WpfApp1.csproj", "{36697D92-3BA9-4CC7-AA5E-FB72D0596A34}"
EndProject
Global
	GlobalSection(SolutionConfigurationPlatforms) = preSolution
		Debug|Any CPU = Debug|Any CPU
		Release|Any CPU = Release|Any CPU
	EndGlobalSection
	GlobalSection(ProjectConfigurationPlatforms) = postSolution
		{AA555E0A-A145-4DAB-AD92-3882FE172D66}.Debug|Any CPU.ActiveCfg = Debug|Any CPU
		{AA555E0A-A145-4DAB-AD92-3882FE172D66}.Debug|Any CPU.Build.0 = Debug|Any CPU
		{AA555E0A-A145-4DAB-AD92-3882FE172D66}.Release|Any CPU.ActiveCfg = Release|Any CPU
		{AA555E0A-A145-4DAB-AD92-3882FE172D66}.Release|Any CPU.Build.0 = Release|Any CPU
		{36697D92-3BA9-4CC7-AA5E-FB72D0596A34}.Debug|Any CPU.ActiveCfg = Debug|Any CPU
		{36697D92-3BA9-4CC7-AA5E-FB72D0596A34}.Debug|Any CPU.Build.0 = Debug|Any CPU
		{36697D92-3BA9-4CC7-AA5E-FB72D0596A34}.Release|Any CPU.ActiveCfg = Release|Any CPU
		{36697D92-3BA9-4CC7-AA5E-FB72D0596A34}.Release|Any CPU.Build.0 = Release|Any CPU
	EndGlobalSection
	GlobalSection(SolutionProperties) = preSolution
		HideSolutionNode = FALSE
	EndGlobalSection
	GlobalSection(NestedProjects) = preSolution
		{AA555E0A-A145-4DAB-AD92-3882FE172D66} = {9727F690-004F-47B7-A25E-42A0426406D9}
		{36697D92-3BA9-4CC7-AA5E-FB72D0596A34} = {A98A9A10-98F0-40FB-B098-512F61923824}
	EndGlobalSection
	GlobalSection(ExtensibilityGlobals) = postSolution
		SolutionGuid = {0EDD1E39-40D8-41A6-B81D-DE5DD869D9EB}
	EndGlobalSection
EndGlobal
